// !$*UTF8*$!
{
	archiveVersion = 1;
	classes = {
	};
	objectVersion = 50;
	objects = {

/* Begin PBXBuildFile section */
		F9227C8021B6486F00C22E09 /* Day4.swift in Sources */ = {isa = PBXBuildFile; fileRef = F9227C7F21B6486F00C22E09 /* Day4.swift */; };
		F9227C8221B648DE00C22E09 /* Day4Tests.swift in Sources */ = {isa = PBXBuildFile; fileRef = F9227C8121B648DE00C22E09 /* Day4Tests.swift */; };
		F9227C8421B7936400C22E09 /* Day5.swift in Sources */ = {isa = PBXBuildFile; fileRef = F9227C8321B7936400C22E09 /* Day5.swift */; };
		F9227C8621B7937800C22E09 /* Day5Tests.swift in Sources */ = {isa = PBXBuildFile; fileRef = F9227C8521B7937800C22E09 /* Day5Tests.swift */; };
		F95E4CCA21B3B41300B857E3 /* Day1.swift in Sources */ = {isa = PBXBuildFile; fileRef = F95E4CC921B3B41300B857E3 /* Day1.swift */; };
		F964A83D21B8E3DC004162B6 /* Day6.swift in Sources */ = {isa = PBXBuildFile; fileRef = F964A83C21B8E3DC004162B6 /* Day6.swift */; };
		F964A83F21B8E3ED004162B6 /* Day6Tests.swift in Sources */ = {isa = PBXBuildFile; fileRef = F964A83E21B8E3ED004162B6 /* Day6Tests.swift */; };
		F995C63521B4F47A00D2C763 /* Day2.swift in Sources */ = {isa = PBXBuildFile; fileRef = F995C63421B4F47A00D2C763 /* Day2.swift */; };
		F995C63721B4F5A400D2C763 /* Day2Tests.swift in Sources */ = {isa = PBXBuildFile; fileRef = F995C63621B4F5A400D2C763 /* Day2Tests.swift */; };
		F995C63921B5147F00D2C763 /* Day3.swift in Sources */ = {isa = PBXBuildFile; fileRef = F995C63821B5147F00D2C763 /* Day3.swift */; };
		F995C63B21B5158000D2C763 /* Day3Tests.swift in Sources */ = {isa = PBXBuildFile; fileRef = F995C63A21B5158000D2C763 /* Day3Tests.swift */; };
		F9EFFEA821B3B38E00E994B1 /* AppDelegate.swift in Sources */ = {isa = PBXBuildFile; fileRef = F9EFFEA721B3B38E00E994B1 /* AppDelegate.swift */; };
		F9EFFEAA21B3B38E00E994B1 /* ViewController.swift in Sources */ = {isa = PBXBuildFile; fileRef = F9EFFEA921B3B38E00E994B1 /* ViewController.swift */; };
		F9EFFEAD21B3B38E00E994B1 /* Main.storyboard in Resources */ = {isa = PBXBuildFile; fileRef = F9EFFEAB21B3B38E00E994B1 /* Main.storyboard */; };
		F9EFFEAF21B3B39000E994B1 /* Assets.xcassets in Resources */ = {isa = PBXBuildFile; fileRef = F9EFFEAE21B3B39000E994B1 /* Assets.xcassets */; };
		F9EFFEB221B3B39000E994B1 /* LaunchScreen.storyboard in Resources */ = {isa = PBXBuildFile; fileRef = F9EFFEB021B3B39000E994B1 /* LaunchScreen.storyboard */; };
		F9EFFEBD21B3B39000E994B1 /* Day1Tests.swift in Sources */ = {isa = PBXBuildFile; fileRef = F9EFFEBC21B3B39000E994B1 /* Day1Tests.swift */; };
/* End PBXBuildFile section */

/* Begin PBXContainerItemProxy section */
		F9EFFEB921B3B39000E994B1 /* PBXContainerItemProxy */ = {
			isa = PBXContainerItemProxy;
			containerPortal = F9EFFE9C21B3B38E00E994B1 /* Project object */;
			proxyType = 1;
			remoteGlobalIDString = F9EFFEA321B3B38E00E994B1;
			remoteInfo = "Advent of Code";
		};
/* End PBXContainerItemProxy section */

/* Begin PBXFileReference section */
		F9227C7F21B6486F00C22E09 /* Day4.swift */ = {isa = PBXFileReference; lastKnownFileType = sourcecode.swift; path = Day4.swift; sourceTree = "<group>"; };
		F9227C8121B648DE00C22E09 /* Day4Tests.swift */ = {isa = PBXFileReference; lastKnownFileType = sourcecode.swift; path = Day4Tests.swift; sourceTree = "<group>"; };
		F9227C8321B7936400C22E09 /* Day5.swift */ = {isa = PBXFileReference; lastKnownFileType = sourcecode.swift; path = Day5.swift; sourceTree = "<group>"; };
		F9227C8521B7937800C22E09 /* Day5Tests.swift */ = {isa = PBXFileReference; lastKnownFileType = sourcecode.swift; path = Day5Tests.swift; sourceTree = "<group>"; };
		F95E4CC921B3B41300B857E3 /* Day1.swift */ = {isa = PBXFileReference; lastKnownFileType = sourcecode.swift; path = Day1.swift; sourceTree = "<group>"; };
		F964A83C21B8E3DC004162B6 /* Day6.swift */ = {isa = PBXFileReference; lastKnownFileType = sourcecode.swift; path = Day6.swift; sourceTree = "<group>"; };
		F964A83E21B8E3ED004162B6 /* Day6Tests.swift */ = {isa = PBXFileReference; lastKnownFileType = sourcecode.swift; path = Day6Tests.swift; sourceTree = "<group>"; };
		F995C63421B4F47A00D2C763 /* Day2.swift */ = {isa = PBXFileReference; lastKnownFileType = sourcecode.swift; path = Day2.swift; sourceTree = "<group>"; };
		F995C63621B4F5A400D2C763 /* Day2Tests.swift */ = {isa = PBXFileReference; lastKnownFileType = sourcecode.swift; path = Day2Tests.swift; sourceTree = "<group>"; };
		F995C63821B5147F00D2C763 /* Day3.swift */ = {isa = PBXFileReference; lastKnownFileType = sourcecode.swift; path = Day3.swift; sourceTree = "<group>"; };
		F995C63A21B5158000D2C763 /* Day3Tests.swift */ = {isa = PBXFileReference; lastKnownFileType = sourcecode.swift; path = Day3Tests.swift; sourceTree = "<group>"; };
		F9EFFEA421B3B38E00E994B1 /* Advent of Code.app */ = {isa = PBXFileReference; explicitFileType = wrapper.application; includeInIndex = 0; path = "Advent of Code.app"; sourceTree = BUILT_PRODUCTS_DIR; };
		F9EFFEA721B3B38E00E994B1 /* AppDelegate.swift */ = {isa = PBXFileReference; lastKnownFileType = sourcecode.swift; path = AppDelegate.swift; sourceTree = "<group>"; };
		F9EFFEA921B3B38E00E994B1 /* ViewController.swift */ = {isa = PBXFileReference; lastKnownFileType = sourcecode.swift; path = ViewController.swift; sourceTree = "<group>"; };
		F9EFFEAC21B3B38E00E994B1 /* Base */ = {isa = PBXFileReference; lastKnownFileType = file.storyboard; name = Base; path = Base.lproj/Main.storyboard; sourceTree = "<group>"; };
		F9EFFEAE21B3B39000E994B1 /* Assets.xcassets */ = {isa = PBXFileReference; lastKnownFileType = folder.assetcatalog; path = Assets.xcassets; sourceTree = "<group>"; };
		F9EFFEB121B3B39000E994B1 /* Base */ = {isa = PBXFileReference; lastKnownFileType = file.storyboard; name = Base; path = Base.lproj/LaunchScreen.storyboard; sourceTree = "<group>"; };
		F9EFFEB321B3B39000E994B1 /* Info.plist */ = {isa = PBXFileReference; lastKnownFileType = text.plist.xml; path = Info.plist; sourceTree = "<group>"; };
		F9EFFEB821B3B39000E994B1 /* Advent of CodeTests.xctest */ = {isa = PBXFileReference; explicitFileType = wrapper.cfbundle; includeInIndex = 0; path = "Advent of CodeTests.xctest"; sourceTree = BUILT_PRODUCTS_DIR; };
		F9EFFEBC21B3B39000E994B1 /* Day1Tests.swift */ = {isa = PBXFileReference; lastKnownFileType = sourcecode.swift; path = Day1Tests.swift; sourceTree = "<group>"; };
		F9EFFEBE21B3B39000E994B1 /* Info.plist */ = {isa = PBXFileReference; lastKnownFileType = text.plist.xml; path = Info.plist; sourceTree = "<group>"; };
/* End PBXFileReference section */

/* Begin PBXFrameworksBuildPhase section */
		F9EFFEA121B3B38E00E994B1 /* Frameworks */ = {
			isa = PBXFrameworksBuildPhase;
			buildActionMask = 2147483647;
			files = (
			);
			runOnlyForDeploymentPostprocessing = 0;
		};
		F9EFFEB521B3B39000E994B1 /* Frameworks */ = {
			isa = PBXFrameworksBuildPhase;
			buildActionMask = 2147483647;
			files = (
			);
			runOnlyForDeploymentPostprocessing = 0;
		};
/* End PBXFrameworksBuildPhase section */

/* Begin PBXGroup section */
		F95E4CCB21B3B42C00B857E3 /* 2018 */ = {
			isa = PBXGroup;
			children = (
				F95E4CC921B3B41300B857E3 /* Day1.swift */,
				F995C63421B4F47A00D2C763 /* Day2.swift */,
				F995C63821B5147F00D2C763 /* Day3.swift */,
				F9227C7F21B6486F00C22E09 /* Day4.swift */,
				F9227C8321B7936400C22E09 /* Day5.swift */,
				F964A83C21B8E3DC004162B6 /* Day6.swift */,
			);
			path = 2018;
			sourceTree = "<group>";
		};
		F9EFFE9B21B3B38E00E994B1 = {
			isa = PBXGroup;
			children = (
				F9EFFEA621B3B38E00E994B1 /* Advent of Code */,
				F9EFFEBB21B3B39000E994B1 /* Advent of CodeTests */,
				F9EFFEA521B3B38E00E994B1 /* Products */,
			);
			sourceTree = "<group>";
		};
		F9EFFEA521B3B38E00E994B1 /* Products */ = {
			isa = PBXGroup;
			children = (
				F9EFFEA421B3B38E00E994B1 /* Advent of Code.app */,
				F9EFFEB821B3B39000E994B1 /* Advent of CodeTests.xctest */,
			);
			name = Products;
			sourceTree = "<group>";
		};
		F9EFFEA621B3B38E00E994B1 /* Advent of Code */ = {
			isa = PBXGroup;
			children = (
				F9EFFEA721B3B38E00E994B1 /* AppDelegate.swift */,
				F9EFFEA921B3B38E00E994B1 /* ViewController.swift */,
				F9EFFEAB21B3B38E00E994B1 /* Main.storyboard */,
				F9EFFEAE21B3B39000E994B1 /* Assets.xcassets */,
				F9EFFEB021B3B39000E994B1 /* LaunchScreen.storyboard */,
				F9EFFEB321B3B39000E994B1 /* Info.plist */,
				F95E4CCB21B3B42C00B857E3 /* 2018 */,
			);
			path = "Advent of Code";
			sourceTree = "<group>";
		};
		F9EFFEBB21B3B39000E994B1 /* Advent of CodeTests */ = {
			isa = PBXGroup;
			children = (
				F9EFFEBC21B3B39000E994B1 /* Day1Tests.swift */,
				F995C63621B4F5A400D2C763 /* Day2Tests.swift */,
				F995C63A21B5158000D2C763 /* Day3Tests.swift */,
				F9227C8121B648DE00C22E09 /* Day4Tests.swift */,
				F9227C8521B7937800C22E09 /* Day5Tests.swift */,
				F964A83E21B8E3ED004162B6 /* Day6Tests.swift */,
				F9EFFEBE21B3B39000E994B1 /* Info.plist */,
			);
			path = "Advent of CodeTests";
			sourceTree = "<group>";
		};
/* End PBXGroup section */

/* Begin PBXNativeTarget section */
		F9EFFEA321B3B38E00E994B1 /* Advent of Code */ = {
			isa = PBXNativeTarget;
			buildConfigurationList = F9EFFEC121B3B39100E994B1 /* Build configuration list for PBXNativeTarget "Advent of Code" */;
			buildPhases = (
				F9EFFEA021B3B38E00E994B1 /* Sources */,
				F9EFFEA121B3B38E00E994B1 /* Frameworks */,
				F9EFFEA221B3B38E00E994B1 /* Resources */,
			);
			buildRules = (
			);
			dependencies = (
			);
			name = "Advent of Code";
			productName = "Advent of Code";
			productReference = F9EFFEA421B3B38E00E994B1 /* Advent of Code.app */;
			productType = "com.apple.product-type.application";
		};
		F9EFFEB721B3B39000E994B1 /* Advent of CodeTests */ = {
			isa = PBXNativeTarget;
			buildConfigurationList = F9EFFEC421B3B39100E994B1 /* Build configuration list for PBXNativeTarget "Advent of CodeTests" */;
			buildPhases = (
				F9EFFEB421B3B39000E994B1 /* Sources */,
				F9EFFEB521B3B39000E994B1 /* Frameworks */,
				F9EFFEB621B3B39000E994B1 /* Resources */,
			);
			buildRules = (
			);
			dependencies = (
				F9EFFEBA21B3B39000E994B1 /* PBXTargetDependency */,
			);
			name = "Advent of CodeTests";
			productName = "Advent of CodeTests";
			productReference = F9EFFEB821B3B39000E994B1 /* Advent of CodeTests.xctest */;
			productType = "com.apple.product-type.bundle.unit-test";
		};
/* End PBXNativeTarget section */

/* Begin PBXProject section */
		F9EFFE9C21B3B38E00E994B1 /* Project object */ = {
			isa = PBXProject;
			attributes = {
				LastSwiftUpdateCheck = 1010;
				LastUpgradeCheck = 1010;
				ORGANIZATIONNAME = aranasaurus.com;
				TargetAttributes = {
					F9EFFEA321B3B38E00E994B1 = {
						CreatedOnToolsVersion = 10.1;
					};
					F9EFFEB721B3B39000E994B1 = {
						CreatedOnToolsVersion = 10.1;
						TestTargetID = F9EFFEA321B3B38E00E994B1;
					};
				};
			};
			buildConfigurationList = F9EFFE9F21B3B38E00E994B1 /* Build configuration list for PBXProject "Advent of Code" */;
			compatibilityVersion = "Xcode 9.3";
			developmentRegion = en;
			hasScannedForEncodings = 0;
			knownRegions = (
				en,
				Base,
			);
			mainGroup = F9EFFE9B21B3B38E00E994B1;
			productRefGroup = F9EFFEA521B3B38E00E994B1 /* Products */;
			projectDirPath = "";
			projectRoot = "";
			targets = (
				F9EFFEA321B3B38E00E994B1 /* Advent of Code */,
				F9EFFEB721B3B39000E994B1 /* Advent of CodeTests */,
			);
		};
/* End PBXProject section */

/* Begin PBXResourcesBuildPhase section */
		F9EFFEA221B3B38E00E994B1 /* Resources */ = {
			isa = PBXResourcesBuildPhase;
			buildActionMask = 2147483647;
			files = (
				F9EFFEB221B3B39000E994B1 /* LaunchScreen.storyboard in Resources */,
				F9EFFEAF21B3B39000E994B1 /* Assets.xcassets in Resources */,
				F9EFFEAD21B3B38E00E994B1 /* Main.storyboard in Resources */,
			);
			runOnlyForDeploymentPostprocessing = 0;
		};
		F9EFFEB621B3B39000E994B1 /* Resources */ = {
			isa = PBXResourcesBuildPhase;
			buildActionMask = 2147483647;
			files = (
			);
			runOnlyForDeploymentPostprocessing = 0;
		};
/* End PBXResourcesBuildPhase section */

/* Begin PBXSourcesBuildPhase section */
		F9EFFEA021B3B38E00E994B1 /* Sources */ = {
			isa = PBXSourcesBuildPhase;
			buildActionMask = 2147483647;
			files = (
				F9EFFEAA21B3B38E00E994B1 /* ViewController.swift in Sources */,
				F964A83D21B8E3DC004162B6 /* Day6.swift in Sources */,
				F9227C8421B7936400C22E09 /* Day5.swift in Sources */,
				F9227C8021B6486F00C22E09 /* Day4.swift in Sources */,
				F995C63921B5147F00D2C763 /* Day3.swift in Sources */,
				F995C63521B4F47A00D2C763 /* Day2.swift in Sources */,
				F95E4CCA21B3B41300B857E3 /* Day1.swift in Sources */,
				F9EFFEA821B3B38E00E994B1 /* AppDelegate.swift in Sources */,
			);
			runOnlyForDeploymentPostprocessing = 0;
		};
		F9EFFEB421B3B39000E994B1 /* Sources */ = {
			isa = PBXSourcesBuildPhase;
			buildActionMask = 2147483647;
			files = (
				F9EFFEBD21B3B39000E994B1 /* Day1Tests.swift in Sources */,
				F995C63721B4F5A400D2C763 /* Day2Tests.swift in Sources */,
				F995C63B21B5158000D2C763 /* Day3Tests.swift in Sources */,
				F964A83F21B8E3ED004162B6 /* Day6Tests.swift in Sources */,
				F9227C8221B648DE00C22E09 /* Day4Tests.swift in Sources */,
				F9227C8621B7937800C22E09 /* Day5Tests.swift in Sources */,
			);
			runOnlyForDeploymentPostprocessing = 0;
		};
/* End PBXSourcesBuildPhase section */

/* Begin PBXTargetDependency section */
		F9EFFEBA21B3B39000E994B1 /* PBXTargetDependency */ = {
			isa = PBXTargetDependency;
			target = F9EFFEA321B3B38E00E994B1 /* Advent of Code */;
			targetProxy = F9EFFEB921B3B39000E994B1 /* PBXContainerItemProxy */;
		};
/* End PBXTargetDependency section */

/* Begin PBXVariantGroup section */
		F9EFFEAB21B3B38E00E994B1 /* Main.storyboard */ = {
			isa = PBXVariantGroup;
			children = (
				F9EFFEAC21B3B38E00E994B1 /* Base */,
			);
			name = Main.storyboard;
			sourceTree = "<group>";
		};
		F9EFFEB021B3B39000E994B1 /* LaunchScreen.storyboard */ = {
			isa = PBXVariantGroup;
			children = (
				F9EFFEB121B3B39000E994B1 /* Base */,
			);
			name = LaunchScreen.storyboard;
			sourceTree = "<group>";
		};
/* End PBXVariantGroup section */

/* Begin XCBuildConfiguration section */
		F9EFFEBF21B3B39000E994B1 /* Debug */ = {
			isa = XCBuildConfiguration;
			buildSettings = {
				ALWAYS_SEARCH_USER_PATHS = NO;
				CLANG_ANALYZER_NONNULL = YES;
				CLANG_ANALYZER_NUMBER_OBJECT_CONVERSION = YES_AGGRESSIVE;
				CLANG_CXX_LANGUAGE_STANDARD = "gnu++14";
				CLANG_CXX_LIBRARY = "libc++";
				CLANG_ENABLE_MODULES = YES;
				CLANG_ENABLE_OBJC_ARC = YES;
				CLANG_ENABLE_OBJC_WEAK = YES;
				CLANG_WARN_BLOCK_CAPTURE_AUTORELEASING = YES;
				CLANG_WARN_BOOL_CONVERSION = YES;
				CLANG_WARN_COMMA = YES;
				CLANG_WARN_CONSTANT_CONVERSION = YES;
				CLANG_WARN_DEPRECATED_OBJC_IMPLEMENTATIONS = YES;
				CLANG_WARN_DIRECT_OBJC_ISA_USAGE = YES_ERROR;
				CLANG_WARN_DOCUMENTATION_COMMENTS = YES;
				CLANG_WARN_EMPTY_BODY = YES;
				CLANG_WARN_ENUM_CONVERSION = YES;
				CLANG_WARN_INFINITE_RECURSION = YES;
				CLANG_WARN_INT_CONVERSION = YES;
				CLANG_WARN_NON_LITERAL_NULL_CONVERSION = YES;
				CLANG_WARN_OBJC_IMPLICIT_RETAIN_SELF = YES;
				CLANG_WARN_OBJC_LITERAL_CONVERSION = YES;
				CLANG_WARN_OBJC_ROOT_CLASS = YES_ERROR;
				CLANG_WARN_RANGE_LOOP_ANALYSIS = YES;
				CLANG_WARN_STRICT_PROTOTYPES = YES;
				CLANG_WARN_SUSPICIOUS_MOVE = YES;
				CLANG_WARN_UNGUARDED_AVAILABILITY = YES_AGGRESSIVE;
				CLANG_WARN_UNREACHABLE_CODE = YES;
				CLANG_WARN__DUPLICATE_METHOD_MATCH = YES;
				CODE_SIGN_IDENTITY = "iPhone Developer";
				COPY_PHASE_STRIP = NO;
				DEBUG_INFORMATION_FORMAT = dwarf;
				ENABLE_STRICT_OBJC_MSGSEND = YES;
				ENABLE_TESTABILITY = YES;
				GCC_C_LANGUAGE_STANDARD = gnu11;
				GCC_DYNAMIC_NO_PIC = NO;
				GCC_NO_COMMON_BLOCKS = YES;
				GCC_OPTIMIZATION_LEVEL = 0;
				GCC_PREPROCESSOR_DEFINITIONS = (
					"DEBUG=1",
					"$(inherited)",
				);
				GCC_WARN_64_TO_32_BIT_CONVERSION = YES;
				GCC_WARN_ABOUT_RETURN_TYPE = YES_ERROR;
				GCC_WARN_UNDECLARED_SELECTOR = YES;
				GCC_WARN_UNINITIALIZED_AUTOS = YES_AGGRESSIVE;
				GCC_WARN_UNUSED_FUNCTION = YES;
				GCC_WARN_UNUSED_VARIABLE = YES;
				IPHONEOS_DEPLOYMENT_TARGET = 12.1;
				MTL_ENABLE_DEBUG_INFO = INCLUDE_SOURCE;
				MTL_FAST_MATH = YES;
				ONLY_ACTIVE_ARCH = YES;
				SDKROOT = iphoneos;
				SWIFT_ACTIVE_COMPILATION_CONDITIONS = DEBUG;
				SWIFT_OPTIMIZATION_LEVEL = "-Onone";
			};
			name = Debug;
		};
		F9EFFEC021B3B39000E994B1 /* Release */ = {
			isa = XCBuildConfiguration;
			buildSettings = {
				ALWAYS_SEARCH_USER_PATHS = NO;
				CLANG_ANALYZER_NONNULL = YES;
				CLANG_ANALYZER_NUMBER_OBJECT_CONVERSION = YES_AGGRESSIVE;
				CLANG_CXX_LANGUAGE_STANDARD = "gnu++14";
				CLANG_CXX_LIBRARY = "libc++";
				CLANG_ENABLE_MODULES = YES;
				CLANG_ENABLE_OBJC_ARC = YES;
				CLANG_ENABLE_OBJC_WEAK = YES;
				CLANG_WARN_BLOCK_CAPTURE_AUTORELEASING = YES;
				CLANG_WARN_BOOL_CONVERSION = YES;
				CLANG_WARN_COMMA = YES;
				CLANG_WARN_CONSTANT_CONVERSION = YES;
				CLANG_WARN_DEPRECATED_OBJC_IMPLEMENTATIONS = YES;
				CLANG_WARN_DIRECT_OBJC_ISA_USAGE = YES_ERROR;
				CLANG_WARN_DOCUMENTATION_COMMENTS = YES;
				CLANG_WARN_EMPTY_BODY = YES;
				CLANG_WARN_ENUM_CONVERSION = YES;
				CLANG_WARN_INFINITE_RECURSION = YES;
				CLANG_WARN_INT_CONVERSION = YES;
				CLANG_WARN_NON_LITERAL_NULL_CONVERSION = YES;
				CLANG_WARN_OBJC_IMPLICIT_RETAIN_SELF = YES;
				CLANG_WARN_OBJC_LITERAL_CONVERSION = YES;
				CLANG_WARN_OBJC_ROOT_CLASS = YES_ERROR;
				CLANG_WARN_RANGE_LOOP_ANALYSIS = YES;
				CLANG_WARN_STRICT_PROTOTYPES = YES;
				CLANG_WARN_SUSPICIOUS_MOVE = YES;
				CLANG_WARN_UNGUARDED_AVAILABILITY = YES_AGGRESSIVE;
				CLANG_WARN_UNREACHABLE_CODE = YES;
				CLANG_WARN__DUPLICATE_METHOD_MATCH = YES;
				CODE_SIGN_IDENTITY = "iPhone Developer";
				COPY_PHASE_STRIP = NO;
				DEBUG_INFORMATION_FORMAT = "dwarf-with-dsym";
				ENABLE_NS_ASSERTIONS = NO;
				ENABLE_STRICT_OBJC_MSGSEND = YES;
				GCC_C_LANGUAGE_STANDARD = gnu11;
				GCC_NO_COMMON_BLOCKS = YES;
				GCC_WARN_64_TO_32_BIT_CONVERSION = YES;
				GCC_WARN_ABOUT_RETURN_TYPE = YES_ERROR;
				GCC_WARN_UNDECLARED_SELECTOR = YES;
				GCC_WARN_UNINITIALIZED_AUTOS = YES_AGGRESSIVE;
				GCC_WARN_UNUSED_FUNCTION = YES;
				GCC_WARN_UNUSED_VARIABLE = YES;
				IPHONEOS_DEPLOYMENT_TARGET = 12.1;
				MTL_ENABLE_DEBUG_INFO = NO;
				MTL_FAST_MATH = YES;
				SDKROOT = iphoneos;
				SWIFT_COMPILATION_MODE = wholemodule;
				SWIFT_OPTIMIZATION_LEVEL = "-O";
				VALIDATE_PRODUCT = YES;
			};
			name = Release;
		};
		F9EFFEC221B3B39100E994B1 /* Debug */ = {
			isa = XCBuildConfiguration;
			buildSettings = {
				ASSETCATALOG_COMPILER_APPICON_NAME = AppIcon;
				CODE_SIGN_STYLE = Automatic;
				DEVELOPMENT_TEAM = 356X99UH85;
				INFOPLIST_FILE = "Advent of Code/Info.plist";
				LD_RUNPATH_SEARCH_PATHS = (
					"$(inherited)",
					"@executable_path/Frameworks",
				);
				PRODUCT_BUNDLE_IDENTIFIER = "com.aranasaurus.Advent-of-Code";
				PRODUCT_NAME = "$(TARGET_NAME)";
				SWIFT_VERSION = 4.2;
				TARGETED_DEVICE_FAMILY = "1,2";
			};
			name = Debug;
		};
		F9EFFEC321B3B39100E994B1 /* Release */ = {
			isa = XCBuildConfiguration;
			buildSettings = {
				ASSETCATALOG_COMPILER_APPICON_NAME = AppIcon;
				CODE_SIGN_STYLE = Automatic;
				DEVELOPMENT_TEAM = 356X99UH85;
				INFOPLIST_FILE = "Advent of Code/Info.plist";
				LD_RUNPATH_SEARCH_PATHS = (
					"$(inherited)",
					"@executable_path/Frameworks",
				);
				PRODUCT_BUNDLE_IDENTIFIER = "com.aranasaurus.Advent-of-Code";
				PRODUCT_NAME = "$(TARGET_NAME)";
				SWIFT_VERSION = 4.2;
				TARGETED_DEVICE_FAMILY = "1,2";
			};
			name = Release;
		};
		F9EFFEC521B3B39100E994B1 /* Debug */ = {
			isa = XCBuildConfiguration;
			buildSettings = {
				ALWAYS_EMBED_SWIFT_STANDARD_LIBRARIES = YES;
				BUNDLE_LOADER = "$(TEST_HOST)";
				CODE_SIGN_STYLE = Automatic;
				DEVELOPMENT_TEAM = 356X99UH85;
				INFOPLIST_FILE = "Advent of CodeTests/Info.plist";
				LD_RUNPATH_SEARCH_PATHS = (
					"$(inherited)",
					"@executable_path/Frameworks",
					"@loader_path/Frameworks",
				);
				PRODUCT_BUNDLE_IDENTIFIER = "com.aranasaurus.Advent-of-CodeTests";
				PRODUCT_NAME = "$(TARGET_NAME)";
				SWIFT_VERSION = 4.2;
				TARGETED_DEVICE_FAMILY = "1,2";
				TEST_HOST = "$(BUILT_PRODUCTS_DIR)/Advent of Code.app/Advent of Code";
			};
			name = Debug;
		};
		F9EFFEC621B3B39100E994B1 /* Release */ = {
			isa = XCBuildConfiguration;
			buildSettings = {
				ALWAYS_EMBED_SWIFT_STANDARD_LIBRARIES = YES;
				BUNDLE_LOADER = "$(TEST_HOST)";
				CODE_SIGN_STYLE = Automatic;
				DEVELOPMENT_TEAM = 356X99UH85;
				INFOPLIST_FILE = "Advent of CodeTests/Info.plist";
				LD_RUNPATH_SEARCH_PATHS = (
					"$(inherited)",
					"@executable_path/Frameworks",
					"@loader_path/Frameworks",
				);
				PRODUCT_BUNDLE_IDENTIFIER = "com.aranasaurus.Advent-of-CodeTests";
				PRODUCT_NAME = "$(TARGET_NAME)";
				SWIFT_VERSION = 4.2;
				TARGETED_DEVICE_FAMILY = "1,2";
				TEST_HOST = "$(BUILT_PRODUCTS_DIR)/Advent of Code.app/Advent of Code";
			};
			name = Release;
		};
/* End XCBuildConfiguration section */

/* Begin XCConfigurationList section */
		F9EFFE9F21B3B38E00E994B1 /* Build configuration list for PBXProject "Advent of Code" */ = {
			isa = XCConfigurationList;
			buildConfigurations = (
				F9EFFEBF21B3B39000E994B1 /* Debug */,
				F9EFFEC021B3B39000E994B1 /* Release */,
			);
			defaultConfigurationIsVisible = 0;
			defaultConfigurationName = Release;
		};
		F9EFFEC121B3B39100E994B1 /* Build configuration list for PBXNativeTarget "Advent of Code" */ = {
			isa = XCConfigurationList;
			buildConfigurations = (
				F9EFFEC221B3B39100E994B1 /* Debug */,
				F9EFFEC321B3B39100E994B1 /* Release */,
			);
			defaultConfigurationIsVisible = 0;
			defaultConfigurationName = Release;
		};
		F9EFFEC421B3B39100E994B1 /* Build configuration list for PBXNativeTarget "Advent of CodeTests" */ = {
			isa = XCConfigurationList;
			buildConfigurations = (
				F9EFFEC521B3B39100E994B1 /* Debug */,
				F9EFFEC621B3B39100E994B1 /* Release */,
			);
			defaultConfigurationIsVisible = 0;
			defaultConfigurationName = Release;
		};
/* End XCConfigurationList section */
	};
	rootObject = F9EFFE9C21B3B38E00E994B1 /* Project object */;
}
